
Microsoft Visual Studio Solution File, Format Version 12.00
# Visual Studio Version 17
VisualStudioVersion = 17.4.33213.308
MinimumVisualStudioVersion = 10.0.40219.1
Project("{FAE04EC0-301F-11D3-BF4B-00C04F79EFBC}") = "Examination", "Examination.csproj", "{C3487D06-829E-4AB1-994F-175F3424224C}"
EndProject
Project("{FAE04EC0-301F-11D3-BF4B-00C04F79EFBC}") = "DbModels", "..\DbModels\DbModels.csproj", "{F6D816D5-25C8-4DC7-A098-3FEFC9689A23}"
EndProject
Global
	GlobalSection(SolutionConfigurationPlatforms) = preSolution
		Debug|Any CPU = Debug|Any CPU
		Release|Any CPU = Release|Any CPU
	EndGlobalSection
	GlobalSection(ProjectConfigurationPlatforms) = postSolution
		{C3487D06-829E-4AB1-994F-175F3424224C}.Debug|Any CPU.ActiveCfg = Debug|Any CPU
		{C3487D06-829E-4AB1-994F-175F3424224C}.Debug|Any CPU.Build.0 = Debug|Any CPU
		{C3487D06-829E-4AB1-994F-175F3424224C}.Release|Any CPU.ActiveCfg = Release|Any CPU
		{C3487D06-829E-4AB1-994F-175F3424224C}.Release|Any CPU.Build.0 = Release|Any CPU
		{F6D816D5-25C8-4DC7-A098-3FEFC9689A23}.Debug|Any CPU.ActiveCfg = Debug|Any CPU
		{F6D816D5-25C8-4DC7-A098-3FEFC9689A23}.Debug|Any CPU.Build.0 = Debug|Any CPU
		{F6D816D5-25C8-4DC7-A098-3FEFC9689A23}.Release|Any CPU.ActiveCfg = Release|Any CPU
		{F6D816D5-25C8-4DC7-A098-3FEFC9689A23}.Release|Any CPU.Build.0 = Release|Any CPU
	EndGlobalSection
	GlobalSection(SolutionProperties) = preSolution
		HideSolutionNode = FALSE
	EndGlobalSection
	GlobalSection(ExtensibilityGlobals) = postSolution
		SolutionGuid = {4A582850-D365-4548-AA5B-4C5DAC6926F8}
	EndGlobalSection
EndGlobal
