
Microsoft Visual Studio Solution File, Format Version 12.00
# Visual Studio Version 17
VisualStudioVersion = 17.4.33213.308
MinimumVisualStudioVersion = 10.0.40219.1
Project("{FAE04EC0-301F-11D3-BF4B-00C04F79EFBC}") = "ExaminationSys", "ExaminationSys.csproj", "{EC93BA21-19AD-4239-88CC-85A2FDFBE27A}"
EndProject
Global
	GlobalSection(SolutionConfigurationPlatforms) = preSolution
		Debug|Any CPU = Debug|Any CPU
		Release|Any CPU = Release|Any CPU
	EndGlobalSection
	GlobalSection(ProjectConfigurationPlatforms) = postSolution
		{EC93BA21-19AD-4239-88CC-85A2FDFBE27A}.Debug|Any CPU.ActiveCfg = Debug|Any CPU
		{EC93BA21-19AD-4239-88CC-85A2FDFBE27A}.Debug|Any CPU.Build.0 = Debug|Any CPU
		{EC93BA21-19AD-4239-88CC-85A2FDFBE27A}.Release|Any CPU.ActiveCfg = Release|Any CPU
		{EC93BA21-19AD-4239-88CC-85A2FDFBE27A}.Release|Any CPU.Build.0 = Release|Any CPU
	EndGlobalSection
	GlobalSection(SolutionProperties) = preSolution
		HideSolutionNode = FALSE
	EndGlobalSection
	GlobalSection(ExtensibilityGlobals) = postSolution
		SolutionGuid = {5D72FC27-4DA9-493B-B23C-3BD927CABF28}
	EndGlobalSection
EndGlobal
